// !$*UTF8*$!
{
	archiveVersion = 1;
	classes = {
	};
	objectVersion = 45;
	objects = {

/* Begin PBXAggregateTarget section */
		530A0DC914D91D9F0038309D /* Doxygen */ = {
			isa = PBXAggregateTarget;
			buildConfigurationList = 530A0DDF14D91DF60038309D /* Build configuration list for PBXAggregateTarget "Doxygen" */;
			buildPhases = (
				530A0DC814D91D9F0038309D /* ShellScript */,
			);
			dependencies = (
			);
			name = Doxygen;
			productName = Doxygen;
		};
/* End PBXAggregateTarget section */

/* Begin PBXBuildFile section */
		50149BDA09E781A5002DEE6A /* sqlstl.h in Headers */ = {isa = PBXBuildFile; fileRef = 50149BD909E781A5002DEE6A /* sqlstl.h */; };
		5073E0CB09E734E500EC74B6 /* sqlstl.cp in Sources */ = {isa = PBXBuildFile; fileRef = 5073E0C409E734A800EC74B6 /* sqlstl.cp */; };
		53A05E4814BAA393002F0500 /* test.h in Headers */ = {isa = PBXBuildFile; fileRef = 53A05E4614BAA393002F0500 /* test.h */; };
		53A05E4D14BAA3AE002F0500 /* test.cpp in Sources */ = {isa = PBXBuildFile; fileRef = 53A05E4714BAA393002F0500 /* test.cpp */; };
/* End PBXBuildFile section */

/* Begin PBXContainerItemProxy section */
		53A05E4B14BAA39C002F0500 /* PBXContainerItemProxy */ = {
			isa = PBXContainerItemProxy;
			containerPortal = 0867D690FE84028FC02AAC07 /* Project object */;
			proxyType = 1;
			remoteGlobalIDString = D2AAC09C05546B4700DB518D;
			remoteInfo = sqlstl;
		};
/* End PBXContainerItemProxy section */

/* Begin PBXFileReference section */
		32BAE0B70371A74B00C91783 /* sqlstl_Prefix.pch */ = {isa = PBXFileReference; fileEncoding = 4; lastKnownFileType = sourcecode.c.h; path = sqlstl_Prefix.pch; sourceTree = "<group>"; };
		50149BD909E781A5002DEE6A /* sqlstl.h */ = {isa = PBXFileReference; fileEncoding = 4; lastKnownFileType = sourcecode.c.h; path = sqlstl.h; sourceTree = "<group>"; };
		5073E0C409E734A800EC74B6 /* sqlstl.cp */ = {isa = PBXFileReference; fileEncoding = 30; lastKnownFileType = sourcecode.cpp.cpp; path = sqlstl.cp; sourceTree = "<group>"; };
		5073E0C609E734A800EC74B6 /* sqlstlProj.xcconfig */ = {isa = PBXFileReference; fileEncoding = 30; lastKnownFileType = text.xcconfig; path = sqlstlProj.xcconfig; sourceTree = "<group>"; };
		5073E0C709E734A800EC74B6 /* sqlstlTarget.xcconfig */ = {isa = PBXFileReference; fileEncoding = 30; lastKnownFileType = text.xcconfig; path = sqlstlTarget.xcconfig; sourceTree = "<group>"; };
		50B2938909F016FC00694E55 /* sqlstlPriv.h */ = {isa = PBXFileReference; fileEncoding = 4; lastKnownFileType = sourcecode.c.h; path = sqlstlPriv.h; sourceTree = "<group>"; };
		53A05E4214BAA37F002F0500 /* test */ = {isa = PBXFileReference; explicitFileType = "compiled.mach-o.executable"; includeInIndex = 0; path = test; sourceTree = BUILT_PRODUCTS_DIR; };
		53A05E4614BAA393002F0500 /* test.h */ = {isa = PBXFileReference; fileEncoding = 4; lastKnownFileType = sourcecode.c.h; path = test.h; sourceTree = "<group>"; };
		53A05E4714BAA393002F0500 /* test.cpp */ = {isa = PBXFileReference; fileEncoding = 4; lastKnownFileType = sourcecode.cpp.cpp; path = test.cpp; sourceTree = "<group>"; };
		53B6312A14D903D900EB762B /* doxygen-xcode-script.sh */ = {isa = PBXFileReference; fileEncoding = 4; lastKnownFileType = text.script.sh; path = "doxygen-xcode-script.sh"; sourceTree = "<group>"; };
		D2AAC09D05546B4700DB518D /* libsqlstl.dylib */ = {isa = PBXFileReference; explicitFileType = "compiled.mach-o.dylib"; includeInIndex = 0; path = libsqlstl.dylib; sourceTree = BUILT_PRODUCTS_DIR; };
/* End PBXFileReference section */

/* Begin PBXFrameworksBuildPhase section */
		53A05E4014BAA37F002F0500 /* Frameworks */ = {
			isa = PBXFrameworksBuildPhase;
			buildActionMask = 2147483647;
			files = (
			);
			runOnlyForDeploymentPostprocessing = 0;
		};
		D2AAC09B05546B4700DB518D /* Frameworks */ = {
			isa = PBXFrameworksBuildPhase;
			buildActionMask = 2147483647;
			files = (
			);
			runOnlyForDeploymentPostprocessing = 0;
		};
/* End PBXFrameworksBuildPhase section */

/* Begin PBXGroup section */
		034768DDFF38A45A11DB9C8B /* Products */ = {
			isa = PBXGroup;
			children = (
				D2AAC09D05546B4700DB518D /* libsqlstl.dylib */,
				53A05E4214BAA37F002F0500 /* test */,
			);
			name = Products;
			sourceTree = "<group>";
		};
		0867D691FE84028FC02AAC07 /* sqlstl */ = {
			isa = PBXGroup;
			children = (
				5073E0CA09E734BC00EC74B6 /* Configuration Files */,
				08FB77ACFE841707C02AAC07 /* Source */,
				0867D69AFE84028FC02AAC07 /* External Frameworks and Libraries */,
				53A05E4614BAA393002F0500 /* test.h */,
				53A05E4714BAA393002F0500 /* test.cpp */,
				034768DDFF38A45A11DB9C8B /* Products */,
			);
			name = sqlstl;
			sourceTree = "<group>";
		};
		0867D69AFE84028FC02AAC07 /* External Frameworks and Libraries */ = {
			isa = PBXGroup;
			children = (
			);
			name = "External Frameworks and Libraries";
			sourceTree = "<group>";
		};
		08FB77ACFE841707C02AAC07 /* Source */ = {
			isa = PBXGroup;
			children = (
				53B6312A14D903D900EB762B /* doxygen-xcode-script.sh */,
				32BAE0B70371A74B00C91783 /* sqlstl_Prefix.pch */,
				50149BD909E781A5002DEE6A /* sqlstl.h */,
				50B2938909F016FC00694E55 /* sqlstlPriv.h */,
				5073E0C409E734A800EC74B6 /* sqlstl.cp */,
			);
			name = Source;
			sourceTree = "<group>";
		};
		5073E0CA09E734BC00EC74B6 /* Configuration Files */ = {
			isa = PBXGroup;
			children = (
				5073E0C609E734A800EC74B6 /* sqlstlProj.xcconfig */,
				5073E0C709E734A800EC74B6 /* sqlstlTarget.xcconfig */,
			);
			name = "Configuration Files";
			sourceTree = "<group>";
		};
/* End PBXGroup section */

/* Begin PBXHeadersBuildPhase section */
		D2AAC09905546B4700DB518D /* Headers */ = {
			isa = PBXHeadersBuildPhase;
			buildActionMask = 2147483647;
			files = (
				50149BDA09E781A5002DEE6A /* sqlstl.h in Headers */,
				53A05E4814BAA393002F0500 /* test.h in Headers */,
			);
			runOnlyForDeploymentPostprocessing = 0;
		};
/* End PBXHeadersBuildPhase section */

/* Begin PBXNativeTarget section */
		53A05E4114BAA37F002F0500 /* test */ = {
			isa = PBXNativeTarget;
			buildConfigurationList = 53A05E4A14BAA393002F0500 /* Build configuration list for PBXNativeTarget "test" */;
			buildPhases = (
				53A05E3F14BAA37F002F0500 /* Sources */,
				53A05E4014BAA37F002F0500 /* Frameworks */,
			);
			buildRules = (
			);
			dependencies = (
				53A05E4C14BAA39C002F0500 /* PBXTargetDependency */,
			);
			name = test;
			productName = test;
			productReference = 53A05E4214BAA37F002F0500 /* test */;
			productType = "com.apple.product-type.tool";
		};
		D2AAC09C05546B4700DB518D /* sqlstl */ = {
			isa = PBXNativeTarget;
			buildConfigurationList = 1DEB916008733D950010E9CD /* Build configuration list for PBXNativeTarget "sqlstl" */;
			buildPhases = (
				D2AAC09905546B4700DB518D /* Headers */,
				D2AAC09B05546B4700DB518D /* Frameworks */,
				D2AAC09A05546B4700DB518D /* Sources */,
			);
			buildRules = (
			);
			dependencies = (
			);
			name = sqlstl;
			productName = libsqlstl;
			productReference = D2AAC09D05546B4700DB518D /* libsqlstl.dylib */;
			productType = "com.apple.product-type.library.dynamic";
		};
/* End PBXNativeTarget section */

/* Begin PBXProject section */
		0867D690FE84028FC02AAC07 /* Project object */ = {
			isa = PBXProject;
			buildConfigurationList = 1DEB916408733D950010E9CD /* Build configuration list for PBXProject "sqlstl" */;
			compatibilityVersion = "Xcode 3.1";
			developmentRegion = English;
			hasScannedForEncodings = 1;
			knownRegions = (
				English,
				Japanese,
				French,
				German,
			);
			mainGroup = 0867D691FE84028FC02AAC07 /* sqlstl */;
			productRefGroup = 034768DDFF38A45A11DB9C8B /* Products */;
			projectDirPath = "";
			projectRoot = "";
			targets = (
				D2AAC09C05546B4700DB518D /* sqlstl */,
				53A05E4114BAA37F002F0500 /* test */,
				530A0DC914D91D9F0038309D /* Doxygen */,
			);
		};
/* End PBXProject section */

/* Begin PBXShellScriptBuildPhase section */
		530A0DC814D91D9F0038309D /* ShellScript */ = {
			isa = PBXShellScriptBuildPhase;
			buildActionMask = 2147483647;
			files = (
			);
			inputPaths = (
			);
			outputPaths = (
			);
			runOnlyForDeploymentPostprocessing = 0;
			shellPath = /bin/sh;
			shellScript = "# shell script goes here\n./doxygen-xcode-script.sh";
		};
/* End PBXShellScriptBuildPhase section */

/* Begin PBXSourcesBuildPhase section */
		53A05E3F14BAA37F002F0500 /* Sources */ = {
			isa = PBXSourcesBuildPhase;
			buildActionMask = 2147483647;
			files = (
				53A05E4D14BAA3AE002F0500 /* test.cpp in Sources */,
			);
			runOnlyForDeploymentPostprocessing = 0;
		};
		D2AAC09A05546B4700DB518D /* Sources */ = {
			isa = PBXSourcesBuildPhase;
			buildActionMask = 2147483647;
			files = (
				5073E0CB09E734E500EC74B6 /* sqlstl.cp in Sources */,
			);
			runOnlyForDeploymentPostprocessing = 0;
		};
/* End PBXSourcesBuildPhase section */

/* Begin PBXTargetDependency section */
		53A05E4C14BAA39C002F0500 /* PBXTargetDependency */ = {
			isa = PBXTargetDependency;
			target = D2AAC09C05546B4700DB518D /* sqlstl */;
			targetProxy = 53A05E4B14BAA39C002F0500 /* PBXContainerItemProxy */;
		};
/* End PBXTargetDependency section */

/* Begin XCBuildConfiguration section */
		1DEB916108733D950010E9CD /* Debug */ = {
			isa = XCBuildConfiguration;
			baseConfigurationReference = 5073E0C709E734A800EC74B6 /* sqlstlTarget.xcconfig */;
			buildSettings = {
				ALWAYS_SEARCH_USER_PATHS = NO;
				COPY_PHASE_STRIP = NO;
				GCC_DYNAMIC_NO_PIC = NO;
				GCC_ENABLE_FIX_AND_CONTINUE = YES;
				GCC_MODEL_TUNING = G5;
				GCC_OPTIMIZATION_LEVEL = 0;
				GCC_PRECOMPILE_PREFIX_HEADER = YES;
				GCC_PREFIX_HEADER = sqlstl_Prefix.pch;
			};
			name = Debug;
		};
		1DEB916208733D950010E9CD /* Release */ = {
			isa = XCBuildConfiguration;
			baseConfigurationReference = 5073E0C709E734A800EC74B6 /* sqlstlTarget.xcconfig */;
			buildSettings = {
				ALWAYS_SEARCH_USER_PATHS = NO;
				DEBUG_INFORMATION_FORMAT = "dwarf-with-dsym";
				GCC_MODEL_TUNING = G5;
				GCC_PRECOMPILE_PREFIX_HEADER = YES;
				GCC_PREFIX_HEADER = sqlstl_Prefix.pch;
				STRIP_INSTALLED_PRODUCT = YES;
				STRIP_STYLE = "non-global";
			};
			name = Release;
		};
		1DEB916508733D950010E9CD /* Debug */ = {
			isa = XCBuildConfiguration;
			baseConfigurationReference = 5073E0C609E734A800EC74B6 /* sqlstlProj.xcconfig */;
			buildSettings = {
				ARCHS = "$(ARCHS_STANDARD_32_64_BIT)";
				GCC_C_LANGUAGE_STANDARD = gnu99;
				GCC_OPTIMIZATION_LEVEL = 0;
				GCC_WARN_ABOUT_RETURN_TYPE = YES;
				GCC_WARN_UNUSED_VARIABLE = YES;
				ONLY_ACTIVE_ARCH = YES;
				PREBINDING = NO;
				SDKROOT = macosx10.6;
			};
			name = Debug;
		};
		1DEB916608733D950010E9CD /* Release */ = {
			isa = XCBuildConfiguration;
			baseConfigurationReference = 5073E0C609E734A800EC74B6 /* sqlstlProj.xcconfig */;
			buildSettings = {
				ARCHS = "$(ARCHS_STANDARD_32_64_BIT)";
				GCC_C_LANGUAGE_STANDARD = gnu99;
				GCC_WARN_ABOUT_RETURN_TYPE = YES;
				GCC_WARN_UNUSED_VARIABLE = YES;
				PREBINDING = NO;
				SDKROOT = macosx10.6;
			};
			name = Release;
		};
		530A0DCA14D91D9F0038309D /* Debug */ = {
			isa = XCBuildConfiguration;
			buildSettings = {
				COPY_PHASE_STRIP = NO;
				GCC_DYNAMIC_NO_PIC = NO;
				GCC_OPTIMIZATION_LEVEL = 0;
				PRODUCT_NAME = Doxygen;
			};
			name = Debug;
		};
		530A0DCB14D91D9F0038309D /* Release */ = {
			isa = XCBuildConfiguration;
			buildSettings = {
				COPY_PHASE_STRIP = YES;
				DEBUG_INFORMATION_FORMAT = "dwarf-with-dsym";
				GCC_ENABLE_FIX_AND_CONTINUE = NO;
				PRODUCT_NAME = Doxygen;
				ZERO_LINK = NO;
			};
			name = Release;
		};
		53A05E4414BAA380002F0500 /* Debug */ = {
			isa = XCBuildConfiguration;
			buildSettings = {
				ALWAYS_SEARCH_USER_PATHS = NO;
				COPY_PHASE_STRIP = NO;
				GCC_DYNAMIC_NO_PIC = NO;
				GCC_ENABLE_FIX_AND_CONTINUE = YES;
				GCC_MODEL_TUNING = G5;
				GCC_OPTIMIZATION_LEVEL = 0;
				INSTALL_PATH = /usr/local/bin;
				OTHER_CFLAGS = "-Wall";
				OTHER_CPLUSPLUSFLAGS = (
					"-ftemplate-depth-25",
					"$(OTHER_CFLAGS)",
				);
				PREBINDING = NO;
				PRODUCT_NAME = test;
			};
			name = Debug;
		};
		53A05E4514BAA380002F0500 /* Release */ = {
			isa = XCBuildConfiguration;
			buildSettings = {
				ALWAYS_SEARCH_USER_PATHS = NO;
				COPY_PHASE_STRIP = YES;
				DEBUG_INFORMATION_FORMAT = "dwarf-with-dsym";
				GCC_ENABLE_FIX_AND_CONTINUE = NO;
				GCC_MODEL_TUNING = G5;
				INSTALL_PATH = /usr/local/bin;
				OTHER_CFLAGS = "-Wall";
				PREBINDING = NO;
				PRODUCT_NAME = test;
				ZERO_LINK = NO;
			};
			name = Release;
		};
/* End XCBuildConfiguration section */

/* Begin XCConfigurationList section */
		1DEB916008733D950010E9CD /* Build configuration list for PBXNativeTarget "sqlstl" */ = {
			isa = XCConfigurationList;
			buildConfigurations = (
				1DEB916108733D950010E9CD /* Debug */,
				1DEB916208733D950010E9CD /* Release */,
			);
			defaultConfigurationIsVisible = 0;
			defaultConfigurationName = Release;
		};
		1DEB916408733D950010E9CD /* Build configuration list for PBXProject "sqlstl" */ = {
			isa = XCConfigurationList;
			buildConfigurations = (
				1DEB916508733D950010E9CD /* Debug */,
				1DEB916608733D950010E9CD /* Release */,
			);
			defaultConfigurationIsVisible = 0;
			defaultConfigurationName = Release;
		};
		530A0DDF14D91DF60038309D /* Build configuration list for PBXAggregateTarget "Doxygen" */ = {
			isa = XCConfigurationList;
			buildConfigurations = (
				530A0DCA14D91D9F0038309D /* Debug */,
				530A0DCB14D91D9F0038309D /* Release */,
			);
			defaultConfigurationIsVisible = 0;
			defaultConfigurationName = Release;
		};
		53A05E4A14BAA393002F0500 /* Build configuration list for PBXNativeTarget "test" */ = {
			isa = XCConfigurationList;
			buildConfigurations = (
				53A05E4414BAA380002F0500 /* Debug */,
				53A05E4514BAA380002F0500 /* Release */,
			);
			defaultConfigurationIsVisible = 0;
			defaultConfigurationName = Release;
		};
/* End XCConfigurationList section */
	};
	rootObject = 0867D690FE84028FC02AAC07 /* Project object */;
}
